
Microsoft Visual Studio Solution File, Format Version 12.00
# Visual Studio Version 16
VisualStudioVersion = 17.0.31611.283
MinimumVisualStudioVersion = 10.0.40219.1
Project("{9A19103F-16F7-4668-BE54-9A1E7A4F7556}") = "PlayWithMaps", "PlayWithMaps\PlayWithMaps.csproj", "{0276EF00-E351-4737-A242-25D14D08E284}"
EndProject
Project("{FAE04EC0-301F-11D3-BF4B-00C04F79EFBC}") = "PlayWithMapsDb", "PlayWithMapsDb\PlayWithMapsDb.csproj", "{26777FA6-6017-4E1D-880E-C5AE6D9C94B6}"
EndProject
Project("{FAE04EC0-301F-11D3-BF4B-00C04F79EFBC}") = "PlayWithMapsShared", "PlayWithMapsShared\PlayWithMapsShared.csproj", "{903C2F9E-E8F8-4BB6-B2E2-EFCCE41A976E}"
EndProject
Project("{FAE04EC0-301F-11D3-BF4B-00C04F79EFBC}") = "MigrationCreator", "MigrationCreator\MigrationCreator.csproj", "{48D65449-A65A-4743-A1C1-7799FEAFDBCC}"
EndProject
Global
	GlobalSection(SolutionConfigurationPlatforms) = preSolution
		Debug|Any CPU = Debug|Any CPU
		Release|Any CPU = Release|Any CPU
	EndGlobalSection
	GlobalSection(ProjectConfigurationPlatforms) = postSolution
		{0276EF00-E351-4737-A242-25D14D08E284}.Debug|Any CPU.ActiveCfg = Debug|Any CPU
		{0276EF00-E351-4737-A242-25D14D08E284}.Debug|Any CPU.Build.0 = Debug|Any CPU
		{0276EF00-E351-4737-A242-25D14D08E284}.Debug|Any CPU.Deploy.0 = Debug|Any CPU
		{0276EF00-E351-4737-A242-25D14D08E284}.Release|Any CPU.ActiveCfg = Release|Any CPU
		{0276EF00-E351-4737-A242-25D14D08E284}.Release|Any CPU.Build.0 = Release|Any CPU
		{0276EF00-E351-4737-A242-25D14D08E284}.Release|Any CPU.Deploy.0 = Release|Any CPU
		{26777FA6-6017-4E1D-880E-C5AE6D9C94B6}.Debug|Any CPU.ActiveCfg = Debug|Any CPU
		{26777FA6-6017-4E1D-880E-C5AE6D9C94B6}.Debug|Any CPU.Build.0 = Debug|Any CPU
		{26777FA6-6017-4E1D-880E-C5AE6D9C94B6}.Release|Any CPU.ActiveCfg = Release|Any CPU
		{26777FA6-6017-4E1D-880E-C5AE6D9C94B6}.Release|Any CPU.Build.0 = Release|Any CPU
		{903C2F9E-E8F8-4BB6-B2E2-EFCCE41A976E}.Debug|Any CPU.ActiveCfg = Debug|Any CPU
		{903C2F9E-E8F8-4BB6-B2E2-EFCCE41A976E}.Debug|Any CPU.Build.0 = Debug|Any CPU
		{903C2F9E-E8F8-4BB6-B2E2-EFCCE41A976E}.Release|Any CPU.ActiveCfg = Release|Any CPU
		{903C2F9E-E8F8-4BB6-B2E2-EFCCE41A976E}.Release|Any CPU.Build.0 = Release|Any CPU
		{48D65449-A65A-4743-A1C1-7799FEAFDBCC}.Debug|Any CPU.ActiveCfg = Debug|Any CPU
		{48D65449-A65A-4743-A1C1-7799FEAFDBCC}.Debug|Any CPU.Build.0 = Debug|Any CPU
		{48D65449-A65A-4743-A1C1-7799FEAFDBCC}.Release|Any CPU.ActiveCfg = Release|Any CPU
		{48D65449-A65A-4743-A1C1-7799FEAFDBCC}.Release|Any CPU.Build.0 = Release|Any CPU
	EndGlobalSection
	GlobalSection(SolutionProperties) = preSolution
		HideSolutionNode = FALSE
	EndGlobalSection
	GlobalSection(ExtensibilityGlobals) = postSolution
		SolutionGuid = {61F7FB11-1E47-470C-91E2-47F8143E1572}
	EndGlobalSection
EndGlobal
